
Microsoft Visual Studio Solution File, Format Version 12.00
# Visual Studio Version 17
VisualStudioVersion = 17.0.32126.317
MinimumVisualStudioVersion = 10.0.40219.1
Project("{FAE04EC0-301F-11D3-BF4B-00C04F79EFBC}") = "HelloWorld", "HelloWorld\HelloWorld.csproj", "{4C330576-8031-49FB-A0BB-7CADCBB869A8}"
EndProject
Global
	GlobalSection(SolutionConfigurationPlatforms) = preSolution
		Debug|Any CPU = Debug|Any CPU
		Release|Any CPU = Release|Any CPU
	EndGlobalSection
	GlobalSection(ProjectConfigurationPlatforms) = postSolution
		{4C330576-8031-49FB-A0BB-7CADCBB869A8}.Debug|Any CPU.ActiveCfg = Debug|Any CPU
		{4C330576-8031-49FB-A0BB-7CADCBB869A8}.Debug|Any CPU.Build.0 = Debug|Any CPU
		{4C330576-8031-49FB-A0BB-7CADCBB869A8}.Release|Any CPU.ActiveCfg = Release|Any CPU
		{4C330576-8031-49FB-A0BB-7CADCBB869A8}.Release|Any CPU.Build.0 = Release|Any CPU
	EndGlobalSection
	GlobalSection(SolutionProperties) = preSolution
		HideSolutionNode = FALSE
	EndGlobalSection
	GlobalSection(ExtensibilityGlobals) = postSolution
		SolutionGuid = {40F74CE4-BA6D-4375-A8EB-14FAF4FCF6AD}
	EndGlobalSection
EndGlobal
