
Microsoft Visual Studio Solution File, Format Version 12.00
# Visual Studio Version 17
VisualStudioVersion = 17.0.32126.317
MinimumVisualStudioVersion = 10.0.40219.1
Project("{FAE04EC0-301F-11D3-BF4B-00C04F79EFBC}") = "Chon-Mon-The-Thao", "Chon-Mon-The-Thao\Chon-Mon-The-Thao.csproj", "{ADF30157-DB39-407D-86A7-562CD061454A}"
EndProject
Global
	GlobalSection(SolutionConfigurationPlatforms) = preSolution
		Debug|Any CPU = Debug|Any CPU
		Release|Any CPU = Release|Any CPU
	EndGlobalSection
	GlobalSection(ProjectConfigurationPlatforms) = postSolution
		{ADF30157-DB39-407D-86A7-562CD061454A}.Debug|Any CPU.ActiveCfg = Debug|Any CPU
		{ADF30157-DB39-407D-86A7-562CD061454A}.Debug|Any CPU.Build.0 = Debug|Any CPU
		{ADF30157-DB39-407D-86A7-562CD061454A}.Release|Any CPU.ActiveCfg = Release|Any CPU
		{ADF30157-DB39-407D-86A7-562CD061454A}.Release|Any CPU.Build.0 = Release|Any CPU
	EndGlobalSection
	GlobalSection(SolutionProperties) = preSolution
		HideSolutionNode = FALSE
	EndGlobalSection
	GlobalSection(ExtensibilityGlobals) = postSolution
		SolutionGuid = {867BD1A8-2CF9-469B-8BE2-CF58007295B5}
	EndGlobalSection
EndGlobal
